
Microsoft Visual Studio Solution File, Format Version 12.00
# Visual Studio Version 17
VisualStudioVersion = 17.11.35303.130
MinimumVisualStudioVersion = 10.0.40219.1
Project("{8BC9CEB8-8B4A-11D0-8D11-00A0C91BC942}") = "Doxygen_test", "Doxygen_test\Doxygen_test.vcxproj", "{ABABEACC-53C4-4C76-ADEE-9A7F4D6D3E1D}"
EndProject
Global
	GlobalSection(SolutionConfigurationPlatforms) = preSolution
		Debug|x64 = Debug|x64
		Debug|x86 = Debug|x86
		Release|x64 = Release|x64
		Release|x86 = Release|x86
	EndGlobalSection
	GlobalSection(ProjectConfigurationPlatforms) = postSolution
		{ABABEACC-53C4-4C76-ADEE-9A7F4D6D3E1D}.Debug|x64.ActiveCfg = Debug|x64
		{ABABEACC-53C4-4C76-ADEE-9A7F4D6D3E1D}.Debug|x64.Build.0 = Debug|x64
		{ABABEACC-53C4-4C76-ADEE-9A7F4D6D3E1D}.Debug|x86.ActiveCfg = Debug|Win32
		{ABABEACC-53C4-4C76-ADEE-9A7F4D6D3E1D}.Debug|x86.Build.0 = Debug|Win32
		{ABABEACC-53C4-4C76-ADEE-9A7F4D6D3E1D}.Release|x64.ActiveCfg = Release|x64
		{ABABEACC-53C4-4C76-ADEE-9A7F4D6D3E1D}.Release|x64.Build.0 = Release|x64
		{ABABEACC-53C4-4C76-ADEE-9A7F4D6D3E1D}.Release|x86.ActiveCfg = Release|Win32
		{ABABEACC-53C4-4C76-ADEE-9A7F4D6D3E1D}.Release|x86.Build.0 = Release|Win32
	EndGlobalSection
	GlobalSection(SolutionProperties) = preSolution
		HideSolutionNode = FALSE
	EndGlobalSection
	GlobalSection(ExtensibilityGlobals) = postSolution
		SolutionGuid = {2FF5E100-ACA0-4D5A-8AFA-869169A1E1DE}
	EndGlobalSection
EndGlobal
